
Microsoft Visual Studio Solution File, Format Version 12.00
# Visual Studio Version 16
VisualStudioVersion = 16.0.31624.102
MinimumVisualStudioVersion = 10.0.40219.1
Project("{FAE04EC0-301F-11D3-BF4B-00C04F79EFBC}") = "Лаба 5", "Лаба 5\Лаба 5.csproj", "{17DF8D42-9D3A-48A8-812E-E3237A8BFA2E}"
EndProject
Project("{9A19103F-16F7-4668-BE54-9A1E7A4F7556}") = "Лаба 5.Tests", "Лаба 5.Tests\Лаба 5.Tests.csproj", "{AB5D660A-44D6-4633-AC57-1DD92D20F9A1}"
EndProject
Project("{FAE04EC0-301F-11D3-BF4B-00C04F79EFBC}") = "Лаба 5.Tests2", "Лаба 5.Tests2\Лаба 5.Tests2.csproj", "{A5770C2B-D968-4895-80FF-0E2D3A4F4AD5}"
EndProject
Global
	GlobalSection(SolutionConfigurationPlatforms) = preSolution
		Debug|Any CPU = Debug|Any CPU
		Release|Any CPU = Release|Any CPU
	EndGlobalSection
	GlobalSection(ProjectConfigurationPlatforms) = postSolution
		{17DF8D42-9D3A-48A8-812E-E3237A8BFA2E}.Debug|Any CPU.ActiveCfg = Debug|Any CPU
		{17DF8D42-9D3A-48A8-812E-E3237A8BFA2E}.Debug|Any CPU.Build.0 = Debug|Any CPU
		{17DF8D42-9D3A-48A8-812E-E3237A8BFA2E}.Release|Any CPU.ActiveCfg = Release|Any CPU
		{17DF8D42-9D3A-48A8-812E-E3237A8BFA2E}.Release|Any CPU.Build.0 = Release|Any CPU
		{AB5D660A-44D6-4633-AC57-1DD92D20F9A1}.Debug|Any CPU.ActiveCfg = Debug|Any CPU
		{AB5D660A-44D6-4633-AC57-1DD92D20F9A1}.Debug|Any CPU.Build.0 = Debug|Any CPU
		{AB5D660A-44D6-4633-AC57-1DD92D20F9A1}.Release|Any CPU.ActiveCfg = Release|Any CPU
		{AB5D660A-44D6-4633-AC57-1DD92D20F9A1}.Release|Any CPU.Build.0 = Release|Any CPU
		{A5770C2B-D968-4895-80FF-0E2D3A4F4AD5}.Debug|Any CPU.ActiveCfg = Debug|Any CPU
		{A5770C2B-D968-4895-80FF-0E2D3A4F4AD5}.Debug|Any CPU.Build.0 = Debug|Any CPU
		{A5770C2B-D968-4895-80FF-0E2D3A4F4AD5}.Release|Any CPU.ActiveCfg = Release|Any CPU
		{A5770C2B-D968-4895-80FF-0E2D3A4F4AD5}.Release|Any CPU.Build.0 = Release|Any CPU
	EndGlobalSection
	GlobalSection(SolutionProperties) = preSolution
		HideSolutionNode = FALSE
	EndGlobalSection
	GlobalSection(ExtensibilityGlobals) = postSolution
		SolutionGuid = {0847151F-9C6F-4A1B-9D9D-4995C04B738A}
	EndGlobalSection
EndGlobal
